// !$*UTF8*$!
{
	archiveVersion = 1;
	classes = {
	};
	objectVersion = 77;
	objects = {

/* Begin PBXContainerItemProxy section */
		6406C3AB2F49B054004B1C09 /* PBXContainerItemProxy */ = {
			isa = PBXContainerItemProxy;
			containerPortal = 6406C3952F49B053004B1C09 /* Project object */;
			proxyType = 1;
			remoteGlobalIDString = 6406C39C2F49B053004B1C09;
			remoteInfo = "Swift-SwiftData-Tour";
		};
		6406C3B52F49B054004B1C09 /* PBXContainerItemProxy */ = {
			isa = PBXContainerItemProxy;
			containerPortal = 6406C3952F49B053004B1C09 /* Project object */;
			proxyType = 1;
			remoteGlobalIDString = 6406C39C2F49B053004B1C09;
			remoteInfo = "Swift-SwiftData-Tour";
		};
/* End PBXContainerItemProxy section */

/* Begin PBXFileReference section */
		6406C39D2F49B053004B1C09 /* Swift-SwiftData-Tour.app */ = {isa = PBXFileReference; explicitFileType = wrapper.application; includeInIndex = 0; path = "Swift-SwiftData-Tour.app"; sourceTree = BUILT_PRODUCTS_DIR; };
		6406C3AA2F49B054004B1C09 /* Swift-SwiftData-TourTests.xctest */ = {isa = PBXFileReference; explicitFileType = wrapper.cfbundle; includeInIndex = 0; path = "Swift-SwiftData-TourTests.xctest"; sourceTree = BUILT_PRODUCTS_DIR; };
		6406C3B42F49B054004B1C09 /* Swift-SwiftData-TourUITests.xctest */ = {isa = PBXFileReference; explicitFileType = wrapper.cfbundle; includeInIndex = 0; path = "Swift-SwiftData-TourUITests.xctest"; sourceTree = BUILT_PRODUCTS_DIR; };
/* End PBXFileReference section */

/* Begin PBXFileSystemSynchronizedRootGroup section */
		6406C39F2F49B053004B1C09 /* Swift-SwiftData-Tour */ = {
			isa = PBXFileSystemSynchronizedRootGroup;
			path = "Swift-SwiftData-Tour";
			sourceTree = "<group>";
		};
		6406C3AD2F49B054004B1C09 /* Swift-SwiftData-TourTests */ = {
			isa = PBXFileSystemSynchronizedRootGroup;
			path = "Swift-SwiftData-TourTests";
			sourceTree = "<group>";
		};
		6406C3B72F49B054004B1C09 /* Swift-SwiftData-TourUITests */ = {
			isa = PBXFileSystemSynchronizedRootGroup;
			path = "Swift-SwiftData-TourUITests";
			sourceTree = "<group>";
		};
/* End PBXFileSystemSynchronizedRootGroup section */

/* Begin PBXFrameworksBuildPhase section */
		6406C39A2F49B053004B1C09 /* Frameworks */ = {
			isa = PBXFrameworksBuildPhase;
			buildActionMask = 2147483647;
			files = (
			);
			runOnlyForDeploymentPostprocessing = 0;
		};
		6406C3A72F49B054004B1C09 /* Frameworks */ = {
			isa = PBXFrameworksBuildPhase;
			buildActionMask = 2147483647;
			files = (
			);
			runOnlyForDeploymentPostprocessing = 0;
		};
		6406C3B12F49B054004B1C09 /* Frameworks */ = {
			isa = PBXFrameworksBuildPhase;
			buildActionMask = 2147483647;
			files = (
			);
			runOnlyForDeploymentPostprocessing = 0;
		};
/* End PBXFrameworksBuildPhase section */

/* Begin PBXGroup section */
		6406C3942F49B053004B1C09 = {
			isa = PBXGroup;
			children = (
				6406C39F2F49B053004B1C09 /* Swift-SwiftData-Tour */,
				6406C3AD2F49B054004B1C09 /* Swift-SwiftData-TourTests */,
				6406C3B72F49B054004B1C09 /* Swift-SwiftData-TourUITests */,
				6406C39E2F49B053004B1C09 /* Products */,
			);
			sourceTree = "<group>";
		};
		6406C39E2F49B053004B1C09 /* Products */ = {
			isa = PBXGroup;
			children = (
				6406C39D2F49B053004B1C09 /* Swift-SwiftData-Tour.app */,
				6406C3AA2F49B054004B1C09 /* Swift-SwiftData-TourTests.xctest */,
				6406C3B42F49B054004B1C09 /* Swift-SwiftData-TourUITests.xctest */,
			);
			name = Products;
			sourceTree = "<group>";
		};
/* End PBXGroup section */

/* Begin PBXNativeTarget section */
		6406C39C2F49B053004B1C09 /* Swift-SwiftData-Tour */ = {
			isa = PBXNativeTarget;
			buildConfigurationList = 6406C3BE2F49B054004B1C09 /* Build configuration list for PBXNativeTarget "Swift-SwiftData-Tour" */;
			buildPhases = (
				6406C3992F49B053004B1C09 /* Sources */,
				6406C39A2F49B053004B1C09 /* Frameworks */,
				6406C39B2F49B053004B1C09 /* Resources */,
			);
			buildRules = (
			);
			dependencies = (
			);
			fileSystemSynchronizedGroups = (
				6406C39F2F49B053004B1C09 /* Swift-SwiftData-Tour */,
			);
			name = "Swift-SwiftData-Tour";
			packageProductDependencies = (
			);
			productName = "Swift-SwiftData-Tour";
			productReference = 6406C39D2F49B053004B1C09 /* Swift-SwiftData-Tour.app */;
			productType = "com.apple.product-type.application";
		};
		6406C3A92F49B054004B1C09 /* Swift-SwiftData-TourTests */ = {
			isa = PBXNativeTarget;
			buildConfigurationList = 6406C3C12F49B054004B1C09 /* Build configuration list for PBXNativeTarget "Swift-SwiftData-TourTests" */;
			buildPhases = (
				6406C3A62F49B054004B1C09 /* Sources */,
				6406C3A72F49B054004B1C09 /* Frameworks */,
				6406C3A82F49B054004B1C09 /* Resources */,
			);
			buildRules = (
			);
			dependencies = (
				6406C3AC2F49B054004B1C09 /* PBXTargetDependency */,
			);
			fileSystemSynchronizedGroups = (
				6406C3AD2F49B054004B1C09 /* Swift-SwiftData-TourTests */,
			);
			name = "Swift-SwiftData-TourTests";
			packageProductDependencies = (
			);
			productName = "Swift-SwiftData-TourTests";
			productReference = 6406C3AA2F49B054004B1C09 /* Swift-SwiftData-TourTests.xctest */;
			productType = "com.apple.product-type.bundle.unit-test";
		};
		6406C3B32F49B054004B1C09 /* Swift-SwiftData-TourUITests */ = {
			isa = PBXNativeTarget;
			buildConfigurationList = 6406C3C42F49B054004B1C09 /* Build configuration list for PBXNativeTarget "Swift-SwiftData-TourUITests" */;
			buildPhases = (
				6406C3B02F49B054004B1C09 /* Sources */,
				6406C3B12F49B054004B1C09 /* Frameworks */,
				6406C3B22F49B054004B1C09 /* Resources */,
			);
			buildRules = (
			);
			dependencies = (
				6406C3B62F49B054004B1C09 /* PBXTargetDependency */,
			);
			fileSystemSynchronizedGroups = (
				6406C3B72F49B054004B1C09 /* Swift-SwiftData-TourUITests */,
			);
			name = "Swift-SwiftData-TourUITests";
			packageProductDependencies = (
			);
			productName = "Swift-SwiftData-TourUITests";
			productReference = 6406C3B42F49B054004B1C09 /* Swift-SwiftData-TourUITests.xctest */;
			productType = "com.apple.product-type.bundle.ui-testing";
		};
/* End PBXNativeTarget section */

/* Begin PBXProject section */
		6406C3952F49B053004B1C09 /* Project object */ = {
			isa = PBXProject;
			attributes = {
				BuildIndependentTargetsInParallel = 1;
				LastSwiftUpdateCheck = 2620;
				LastUpgradeCheck = 2620;
				TargetAttributes = {
					6406C39C2F49B053004B1C09 = {
						CreatedOnToolsVersion = 26.2;
					};
					6406C3A92F49B054004B1C09 = {
						CreatedOnToolsVersion = 26.2;
						TestTargetID = 6406C39C2F49B053004B1C09;
					};
					6406C3B32F49B054004B1C09 = {
						CreatedOnToolsVersion = 26.2;
						TestTargetID = 6406C39C2F49B053004B1C09;
					};
				};
			};
			buildConfigurationList = 6406C3982F49B053004B1C09 /* Build configuration list for PBXProject "Swift-SwiftData-Tour" */;
			developmentRegion = en;
			hasScannedForEncodings = 0;
			knownRegions = (
				en,
				Base,
			);
			mainGroup = 6406C3942F49B053004B1C09;
			minimizedProjectReferenceProxies = 1;
			preferredProjectObjectVersion = 77;
			productRefGroup = 6406C39E2F49B053004B1C09 /* Products */;
			projectDirPath = "";
			projectRoot = "";
			targets = (
				6406C39C2F49B053004B1C09 /* Swift-SwiftData-Tour */,
				6406C3A92F49B054004B1C09 /* Swift-SwiftData-TourTests */,
				6406C3B32F49B054004B1C09 /* Swift-SwiftData-TourUITests */,
			);
		};
/* End PBXProject section */

/* Begin PBXResourcesBuildPhase section */
		6406C39B2F49B053004B1C09 /* Resources */ = {
			isa = PBXResourcesBuildPhase;
			buildActionMask = 2147483647;
			files = (
			);
			runOnlyForDeploymentPostprocessing = 0;
		};
		6406C3A82F49B054004B1C09 /* Resources */ = {
			isa = PBXResourcesBuildPhase;
			buildActionMask = 2147483647;
			files = (
			);
			runOnlyForDeploymentPostprocessing = 0;
		};
		6406C3B22F49B054004B1C09 /* Resources */ = {
			isa = PBXResourcesBuildPhase;
			buildActionMask = 2147483647;
			files = (
			);
			runOnlyForDeploymentPostprocessing = 0;
		};
/* End PBXResourcesBuildPhase section */

/* Begin PBXSourcesBuildPhase section */
		6406C3992F49B053004B1C09 /* Sources */ = {
			isa = PBXSourcesBuildPhase;
			buildActionMask = 2147483647;
			files = (
			);
			runOnlyForDeploymentPostprocessing = 0;
		};
		6406C3A62F49B054004B1C09 /* Sources */ = {
			isa = PBXSourcesBuildPhase;
			buildActionMask = 2147483647;
			files = (
			);
			runOnlyForDeploymentPostprocessing = 0;
		};
		6406C3B02F49B054004B1C09 /* Sources */ = {
			isa = PBXSourcesBuildPhase;
			buildActionMask = 2147483647;
			files = (
			);
			runOnlyForDeploymentPostprocessing = 0;
		};
/* End PBXSourcesBuildPhase section */

/* Begin PBXTargetDependency section */
		6406C3AC2F49B054004B1C09 /* PBXTargetDependency */ = {
			isa = PBXTargetDependency;
			target = 6406C39C2F49B053004B1C09 /* Swift-SwiftData-Tour */;
			targetProxy = 6406C3AB2F49B054004B1C09 /* PBXContainerItemProxy */;
		};
		6406C3B62F49B054004B1C09 /* PBXTargetDependency */ = {
			isa = PBXTargetDependency;
			target = 6406C39C2F49B053004B1C09 /* Swift-SwiftData-Tour */;
			targetProxy = 6406C3B52F49B054004B1C09 /* PBXContainerItemProxy */;
		};
/* End PBXTargetDependency section */

/* Begin XCBuildConfiguration section */
		6406C3BC2F49B054004B1C09 /* Debug */ = {
			isa = XCBuildConfiguration;
			buildSettings = {
				ALWAYS_SEARCH_USER_PATHS = NO;
				ASSETCATALOG_COMPILER_GENERATE_SWIFT_ASSET_SYMBOL_EXTENSIONS = YES;
				CLANG_ANALYZER_NONNULL = YES;
				CLANG_ANALYZER_NUMBER_OBJECT_CONVERSION = YES_AGGRESSIVE;
				CLANG_CXX_LANGUAGE_STANDARD = "gnu++20";
				CLANG_ENABLE_MODULES = YES;
				CLANG_ENABLE_OBJC_ARC = YES;
				CLANG_ENABLE_OBJC_WEAK = YES;
				CLANG_WARN_BLOCK_CAPTURE_AUTORELEASING = YES;
				CLANG_WARN_BOOL_CONVERSION = YES;
				CLANG_WARN_COMMA = YES;
				CLANG_WARN_CONSTANT_CONVERSION = YES;
				CLANG_WARN_DEPRECATED_OBJC_IMPLEMENTATIONS = YES;
				CLANG_WARN_DIRECT_OBJC_ISA_USAGE = YES_ERROR;
				CLANG_WARN_DOCUMENTATION_COMMENTS = YES;
				CLANG_WARN_EMPTY_BODY = YES;
				CLANG_WARN_ENUM_CONVERSION = YES;
				CLANG_WARN_INFINITE_RECURSION = YES;
				CLANG_WARN_INT_CONVERSION = YES;
				CLANG_WARN_NON_LITERAL_NULL_CONVERSION = YES;
				CLANG_WARN_OBJC_IMPLICIT_RETAIN_SELF = YES;
				CLANG_WARN_OBJC_LITERAL_CONVERSION = YES;
				CLANG_WARN_OBJC_ROOT_CLASS = YES_ERROR;
				CLANG_WARN_QUOTED_INCLUDE_IN_FRAMEWORK_HEADER = YES;
				CLANG_WARN_RANGE_LOOP_ANALYSIS = YES;
				CLANG_WARN_STRICT_PROTOTYPES = YES;
				CLANG_WARN_SUSPICIOUS_MOVE = YES;
				CLANG_WARN_UNGUARDED_AVAILABILITY = YES_AGGRESSIVE;
				CLANG_WARN_UNREACHABLE_CODE = YES;
				CLANG_WARN__DUPLICATE_METHOD_MATCH = YES;
				COPY_PHASE_STRIP = NO;
				DEBUG_INFORMATION_FORMAT = dwarf;
				DEVELOPMENT_TEAM = 228YJ65WZM;
				ENABLE_STRICT_OBJC_MSGSEND = YES;
				ENABLE_TESTABILITY = YES;
				ENABLE_USER_SCRIPT_SANDBOXING = YES;
				GCC_C_LANGUAGE_STANDARD = gnu17;
				GCC_DYNAMIC_NO_PIC = NO;
				GCC_NO_COMMON_BLOCKS = YES;
				GCC_OPTIMIZATION_LEVEL = 0;
				GCC_PREPROCESSOR_DEFINITIONS = (
					"DEBUG=1",
					"$(inherited)",
				);
				GCC_WARN_64_TO_32_BIT_CONVERSION = YES;
				GCC_WARN_ABOUT_RETURN_TYPE = YES_ERROR;
				GCC_WARN_UNDECLARED_SELECTOR = YES;
				GCC_WARN_UNINITIALIZED_AUTOS = YES_AGGRESSIVE;
				GCC_WARN_UNUSED_FUNCTION = YES;
				GCC_WARN_UNUSED_VARIABLE = YES;
				IPHONEOS_DEPLOYMENT_TARGET = 26.2;
				LOCALIZATION_PREFERS_STRING_CATALOGS = YES;
				MTL_ENABLE_DEBUG_INFO = INCLUDE_SOURCE;
				MTL_FAST_MATH = YES;
				ONLY_ACTIVE_ARCH = YES;
				SDKROOT = iphoneos;
				SWIFT_ACTIVE_COMPILATION_CONDITIONS = "DEBUG $(inherited)";
				SWIFT_OPTIMIZATION_LEVEL = "-Onone";
			};
			name = Debug;
		};
		6406C3BD2F49B054004B1C09 /* Release */ = {
			isa = XCBuildConfiguration;
			buildSettings = {
				ALWAYS_SEARCH_USER_PATHS = NO;
				ASSETCATALOG_COMPILER_GENERATE_SWIFT_ASSET_SYMBOL_EXTENSIONS = YES;
				CLANG_ANALYZER_NONNULL = YES;
				CLANG_ANALYZER_NUMBER_OBJECT_CONVERSION = YES_AGGRESSIVE;
				CLANG_CXX_LANGUAGE_STANDARD = "gnu++20";
				CLANG_ENABLE_MODULES = YES;
				CLANG_ENABLE_OBJC_ARC = YES;
				CLANG_ENABLE_OBJC_WEAK = YES;
				CLANG_WARN_BLOCK_CAPTURE_AUTORELEASING = YES;
				CLANG_WARN_BOOL_CONVERSION = YES;
				CLANG_WARN_COMMA = YES;
				CLANG_WARN_CONSTANT_CONVERSION = YES;
				CLANG_WARN_DEPRECATED_OBJC_IMPLEMENTATIONS = YES;
				CLANG_WARN_DIRECT_OBJC_ISA_USAGE = YES_ERROR;
				CLANG_WARN_DOCUMENTATION_COMMENTS = YES;
				CLANG_WARN_EMPTY_BODY = YES;
				CLANG_WARN_ENUM_CONVERSION = YES;
				CLANG_WARN_INFINITE_RECURSION = YES;
				CLANG_WARN_INT_CONVERSION = YES;
				CLANG_WARN_NON_LITERAL_NULL_CONVERSION = YES;
				CLANG_WARN_OBJC_IMPLICIT_RETAIN_SELF = YES;
				CLANG_WARN_OBJC_LITERAL_CONVERSION = YES;
				CLANG_WARN_OBJC_ROOT_CLASS = YES_ERROR;
				CLANG_WARN_QUOTED_INCLUDE_IN_FRAMEWORK_HEADER = YES;
				CLANG_WARN_RANGE_LOOP_ANALYSIS = YES;
				CLANG_WARN_STRICT_PROTOTYPES = YES;
				CLANG_WARN_SUSPICIOUS_MOVE = YES;
				CLANG_WARN_UNGUARDED_AVAILABILITY = YES_AGGRESSIVE;
				CLANG_WARN_UNREACHABLE_CODE = YES;
				CLANG_WARN__DUPLICATE_METHOD_MATCH = YES;
				COPY_PHASE_STRIP = NO;
				DEBUG_INFORMATION_FORMAT = "dwarf-with-dsym";
				DEVELOPMENT_TEAM = 228YJ65WZM;
				ENABLE_NS_ASSERTIONS = NO;
				ENABLE_STRICT_OBJC_MSGSEND = YES;
				ENABLE_USER_SCRIPT_SANDBOXING = YES;
				GCC_C_LANGUAGE_STANDARD = gnu17;
				GCC_NO_COMMON_BLOCKS = YES;
				GCC_WARN_64_TO_32_BIT_CONVERSION = YES;
				GCC_WARN_ABOUT_RETURN_TYPE = YES_ERROR;
				GCC_WARN_UNDECLARED_SELECTOR = YES;
				GCC_WARN_UNINITIALIZED_AUTOS = YES_AGGRESSIVE;
				GCC_WARN_UNUSED_FUNCTION = YES;
				GCC_WARN_UNUSED_VARIABLE = YES;
				IPHONEOS_DEPLOYMENT_TARGET = 26.2;
				LOCALIZATION_PREFERS_STRING_CATALOGS = YES;
				MTL_ENABLE_DEBUG_INFO = NO;
				MTL_FAST_MATH = YES;
				SDKROOT = iphoneos;
				SWIFT_COMPILATION_MODE = wholemodule;
				VALIDATE_PRODUCT = YES;
			};
			name = Release;
		};
		6406C3BF2F49B054004B1C09 /* Debug */ = {
			isa = XCBuildConfiguration;
			buildSettings = {
				ASSETCATALOG_COMPILER_APPICON_NAME = AppIcon;
				ASSETCATALOG_COMPILER_GLOBAL_ACCENT_COLOR_NAME = AccentColor;
				CODE_SIGN_STYLE = Automatic;
				CURRENT_PROJECT_VERSION = 1;
				DEVELOPMENT_TEAM = 228YJ65WZM;
				ENABLE_PREVIEWS = YES;
				GENERATE_INFOPLIST_FILE = YES;
				INFOPLIST_KEY_UIApplicationSceneManifest_Generation = YES;
				INFOPLIST_KEY_UIApplicationSupportsIndirectInputEvents = YES;
				INFOPLIST_KEY_UILaunchScreen_Generation = YES;
				INFOPLIST_KEY_UISupportedInterfaceOrientations_iPad = "UIInterfaceOrientationPortrait UIInterfaceOrientationPortraitUpsideDown UIInterfaceOrientationLandscapeLeft UIInterfaceOrientationLandscapeRight";
				INFOPLIST_KEY_UISupportedInterfaceOrientations_iPhone = "UIInterfaceOrientationPortrait UIInterfaceOrientationLandscapeLeft UIInterfaceOrientationLandscapeRight";
				LD_RUNPATH_SEARCH_PATHS = (
					"$(inherited)",
					"@executable_path/Frameworks",
				);
				MARKETING_VERSION = 1.0;
				PRODUCT_BUNDLE_IDENTIFIER = "dev.eliaschen.Swift-SwiftData-Tour";
				PRODUCT_NAME = "$(TARGET_NAME)";
				STRING_CATALOG_GENERATE_SYMBOLS = YES;
				SWIFT_APPROACHABLE_CONCURRENCY = YES;
				SWIFT_DEFAULT_ACTOR_ISOLATION = MainActor;
				SWIFT_EMIT_LOC_STRINGS = YES;
				SWIFT_UPCOMING_FEATURE_MEMBER_IMPORT_VISIBILITY = YES;
				SWIFT_VERSION = 5.0;
				TARGETED_DEVICE_FAMILY = "1,2";
			};
			name = Debug;
		};
		6406C3C02F49B054004B1C09 /* Release */ = {
			isa = XCBuildConfiguration;
			buildSettings = {
				ASSETCATALOG_COMPILER_APPICON_NAME = AppIcon;
				ASSETCATALOG_COMPILER_GLOBAL_ACCENT_COLOR_NAME = AccentColor;
				CODE_SIGN_STYLE = Automatic;
				CURRENT_PROJECT_VERSION = 1;
				DEVELOPMENT_TEAM = 228YJ65WZM;
				ENABLE_PREVIEWS = YES;
				GENERATE_INFOPLIST_FILE = YES;
				INFOPLIST_KEY_UIApplicationSceneManifest_Generation = YES;
				INFOPLIST_KEY_UIApplicationSupportsIndirectInputEvents = YES;
				INFOPLIST_KEY_UILaunchScreen_Generation = YES;
				INFOPLIST_KEY_UISupportedInterfaceOrientations_iPad = "UIInterfaceOrientationPortrait UIInterfaceOrientationPortraitUpsideDown UIInterfaceOrientationLandscapeLeft UIInterfaceOrientationLandscapeRight";
				INFOPLIST_KEY_UISupportedInterfaceOrientations_iPhone = "UIInterfaceOrientationPortrait UIInterfaceOrientationLandscapeLeft UIInterfaceOrientationLandscapeRight";
				LD_RUNPATH_SEARCH_PATHS = (
					"$(inherited)",
					"@executable_path/Frameworks",
				);
				MARKETING_VERSION = 1.0;
				PRODUCT_BUNDLE_IDENTIFIER = "dev.eliaschen.Swift-SwiftData-Tour";
				PRODUCT_NAME = "$(TARGET_NAME)";
				STRING_CATALOG_GENERATE_SYMBOLS = YES;
				SWIFT_APPROACHABLE_CONCURRENCY = YES;
				SWIFT_DEFAULT_ACTOR_ISOLATION = MainActor;
				SWIFT_EMIT_LOC_STRINGS = YES;
				SWIFT_UPCOMING_FEATURE_MEMBER_IMPORT_VISIBILITY = YES;
				SWIFT_VERSION = 5.0;
				TARGETED_DEVICE_FAMILY = "1,2";
			};
			name = Release;
		};
		6406C3C22F49B054004B1C09 /* Debug */ = {
			isa = XCBuildConfiguration;
			buildSettings = {
				BUNDLE_LOADER = "$(TEST_HOST)";
				CODE_SIGN_STYLE = Automatic;
				CURRENT_PROJECT_VERSION = 1;
				DEVELOPMENT_TEAM = 228YJ65WZM;
				GENERATE_INFOPLIST_FILE = YES;
				IPHONEOS_DEPLOYMENT_TARGET = 26.2;
				MARKETING_VERSION = 1.0;
				PRODUCT_BUNDLE_IDENTIFIER = "dev.eliaschen.Swift-SwiftData-TourTests";
				PRODUCT_NAME = "$(TARGET_NAME)";
				STRING_CATALOG_GENERATE_SYMBOLS = NO;
				SWIFT_APPROACHABLE_CONCURRENCY = YES;
				SWIFT_EMIT_LOC_STRINGS = NO;
				SWIFT_UPCOMING_FEATURE_MEMBER_IMPORT_VISIBILITY = YES;
				SWIFT_VERSION = 5.0;
				TARGETED_DEVICE_FAMILY = "1,2";
				TEST_HOST = "$(BUILT_PRODUCTS_DIR)/Swift-SwiftData-Tour.app/$(BUNDLE_EXECUTABLE_FOLDER_PATH)/Swift-SwiftData-Tour";
			};
			name = Debug;
		};
		6406C3C32F49B054004B1C09 /* Release */ = {
			isa = XCBuildConfiguration;
			buildSettings = {
				BUNDLE_LOADER = "$(TEST_HOST)";
				CODE_SIGN_STYLE = Automatic;
				CURRENT_PROJECT_VERSION = 1;
				DEVELOPMENT_TEAM = 228YJ65WZM;
				GENERATE_INFOPLIST_FILE = YES;
				IPHONEOS_DEPLOYMENT_TARGET = 26.2;
				MARKETING_VERSION = 1.0;
				PRODUCT_BUNDLE_IDENTIFIER = "dev.eliaschen.Swift-SwiftData-TourTests";
				PRODUCT_NAME = "$(TARGET_NAME)";
				STRING_CATALOG_GENERATE_SYMBOLS = NO;
				SWIFT_APPROACHABLE_CONCURRENCY = YES;
				SWIFT_EMIT_LOC_STRINGS = NO;
				SWIFT_UPCOMING_FEATURE_MEMBER_IMPORT_VISIBILITY = YES;
				SWIFT_VERSION = 5.0;
				TARGETED_DEVICE_FAMILY = "1,2";
				TEST_HOST = "$(BUILT_PRODUCTS_DIR)/Swift-SwiftData-Tour.app/$(BUNDLE_EXECUTABLE_FOLDER_PATH)/Swift-SwiftData-Tour";
			};
			name = Release;
		};
		6406C3C52F49B054004B1C09 /* Debug */ = {
			isa = XCBuildConfiguration;
			buildSettings = {
				CODE_SIGN_STYLE = Automatic;
				CURRENT_PROJECT_VERSION = 1;
				DEVELOPMENT_TEAM = 228YJ65WZM;
				GENERATE_INFOPLIST_FILE = YES;
				MARKETING_VERSION = 1.0;
				PRODUCT_BUNDLE_IDENTIFIER = "dev.eliaschen.Swift-SwiftData-TourUITests";
				PRODUCT_NAME = "$(TARGET_NAME)";
				STRING_CATALOG_GENERATE_SYMBOLS = NO;
				SWIFT_APPROACHABLE_CONCURRENCY = YES;
				SWIFT_EMIT_LOC_STRINGS = NO;
				SWIFT_UPCOMING_FEATURE_MEMBER_IMPORT_VISIBILITY = YES;
				SWIFT_VERSION = 5.0;
				TARGETED_DEVICE_FAMILY = "1,2";
				TEST_TARGET_NAME = "Swift-SwiftData-Tour";
			};
			name = Debug;
		};
		6406C3C62F49B054004B1C09 /* Release */ = {
			isa = XCBuildConfiguration;
			buildSettings = {
				CODE_SIGN_STYLE = Automatic;
				CURRENT_PROJECT_VERSION = 1;
				DEVELOPMENT_TEAM = 228YJ65WZM;
				GENERATE_INFOPLIST_FILE = YES;
				MARKETING_VERSION = 1.0;
				PRODUCT_BUNDLE_IDENTIFIER = "dev.eliaschen.Swift-SwiftData-TourUITests";
				PRODUCT_NAME = "$(TARGET_NAME)";
				STRING_CATALOG_GENERATE_SYMBOLS = NO;
				SWIFT_APPROACHABLE_CONCURRENCY = YES;
				SWIFT_EMIT_LOC_STRINGS = NO;
				SWIFT_UPCOMING_FEATURE_MEMBER_IMPORT_VISIBILITY = YES;
				SWIFT_VERSION = 5.0;
				TARGETED_DEVICE_FAMILY = "1,2";
				TEST_TARGET_NAME = "Swift-SwiftData-Tour";
			};
			name = Release;
		};
/* End XCBuildConfiguration section */

/* Begin XCConfigurationList section */
		6406C3982F49B053004B1C09 /* Build configuration list for PBXProject "Swift-SwiftData-Tour" */ = {
			isa = XCConfigurationList;
			buildConfigurations = (
				6406C3BC2F49B054004B1C09 /* Debug */,
				6406C3BD2F49B054004B1C09 /* Release */,
			);
			defaultConfigurationIsVisible = 0;
			defaultConfigurationName = Release;
		};
		6406C3BE2F49B054004B1C09 /* Build configuration list for PBXNativeTarget "Swift-SwiftData-Tour" */ = {
			isa = XCConfigurationList;
			buildConfigurations = (
				6406C3BF2F49B054004B1C09 /* Debug */,
				6406C3C02F49B054004B1C09 /* Release */,
			);
			defaultConfigurationIsVisible = 0;
			defaultConfigurationName = Release;
		};
		6406C3C12F49B054004B1C09 /* Build configuration list for PBXNativeTarget "Swift-SwiftData-TourTests" */ = {
			isa = XCConfigurationList;
			buildConfigurations = (
				6406C3C22F49B054004B1C09 /* Debug */,
				6406C3C32F49B054004B1C09 /* Release */,
			);
			defaultConfigurationIsVisible = 0;
			defaultConfigurationName = Release;
		};
		6406C3C42F49B054004B1C09 /* Build configuration list for PBXNativeTarget "Swift-SwiftData-TourUITests" */ = {
			isa = XCConfigurationList;
			buildConfigurations = (
				6406C3C52F49B054004B1C09 /* Debug */,
				6406C3C62F49B054004B1C09 /* Release */,
			);
			defaultConfigurationIsVisible = 0;
			defaultConfigurationName = Release;
		};
/* End XCConfigurationList section */
	};
	rootObject = 6406C3952F49B053004B1C09 /* Project object */;
}
